
Microsoft Visual Studio Solution File, Format Version 12.00
# Visual Studio 15
VisualStudioVersion = 15.0.33801.198
MinimumVisualStudioVersion = 10.0.40219.1
Project("{8BC9CEB8-8B4A-11D0-8D11-00A0C91BC942}") = "OnePlayer", "OnePlayer\OnePlayer.vcxproj", "{EDECB4BD-5A02-4D72-9923-AC7CC22F33EA}"
EndProject
Global
	GlobalSection(SolutionConfigurationPlatforms) = preSolution
		Debug|x64 = Debug|x64
		Release|x64 = Release|x64
	EndGlobalSection
	GlobalSection(ProjectConfigurationPlatforms) = postSolution
		{EDECB4BD-5A02-4D72-9923-AC7CC22F33EA}.Debug|x64.ActiveCfg = Debug|x64
		{EDECB4BD-5A02-4D72-9923-AC7CC22F33EA}.Debug|x64.Build.0 = Debug|x64
		{EDECB4BD-5A02-4D72-9923-AC7CC22F33EA}.Release|x64.ActiveCfg = Release|x64
		{EDECB4BD-5A02-4D72-9923-AC7CC22F33EA}.Release|x64.Build.0 = Release|x64
	EndGlobalSection
	GlobalSection(SolutionProperties) = preSolution
		HideSolutionNode = FALSE
	EndGlobalSection
	GlobalSection(ExtensibilityGlobals) = postSolution
		SolutionGuid = {AB19AF54-2A4C-4192-9F69-9BD921BB9A28}
	EndGlobalSection
EndGlobal
